// !$*UTF8*$!
{
	archiveVersion = 1;
	classes = {
	};
	objectVersion = 56;
	objects = {

/* Begin PBXBuildFile section */
		CE0057882CAA45290019DEFF /* BoatView.swift in Sources */ = {isa = PBXBuildFile; fileRef = CE0057872CAA45290019DEFF /* BoatView.swift */; };
		CE9439CD2CAFE915000E7442 /* LocationManager.swift in Sources */ = {isa = PBXBuildFile; fileRef = CE9439CC2CAFE915000E7442 /* LocationManager.swift */; };
		CEEC12AA2CA9398C001D22B6 /* SailingIndicatorApp.swift in Sources */ = {isa = PBXBuildFile; fileRef = CEEC12A92CA9398C001D22B6 /* SailingIndicatorApp.swift */; };
		CEEC12AC2CA9398C001D22B6 /* ContentView.swift in Sources */ = {isa = PBXBuildFile; fileRef = CEEC12AB2CA9398C001D22B6 /* ContentView.swift */; };
		CEEC12AE2CA9398E001D22B6 /* Assets.xcassets in Resources */ = {isa = PBXBuildFile; fileRef = CEEC12AD2CA9398E001D22B6 /* Assets.xcassets */; };
		CEEC12B22CA9398E001D22B6 /* Preview Assets.xcassets in Resources */ = {isa = PBXBuildFile; fileRef = CEEC12B12CA9398E001D22B6 /* Preview Assets.xcassets */; };
		CEEC12D52CA939B7001D22B6 /* CompassView.swift in Sources */ = {isa = PBXBuildFile; fileRef = CEEC12D42CA939B7001D22B6 /* CompassView.swift */; };
/* End PBXBuildFile section */

/* Begin PBXContainerItemProxy section */
		CEEC12B82CA9398E001D22B6 /* PBXContainerItemProxy */ = {
			isa = PBXContainerItemProxy;
			containerPortal = CEEC129E2CA9398C001D22B6 /* Project object */;
			proxyType = 1;
			remoteGlobalIDString = CEEC12A52CA9398C001D22B6;
			remoteInfo = SailingIndicator;
		};
		CEEC12C22CA9398E001D22B6 /* PBXContainerItemProxy */ = {
			isa = PBXContainerItemProxy;
			containerPortal = CEEC129E2CA9398C001D22B6 /* Project object */;
			proxyType = 1;
			remoteGlobalIDString = CEEC12A52CA9398C001D22B6;
			remoteInfo = SailingIndicator;
		};
/* End PBXContainerItemProxy section */

/* Begin PBXFileReference section */
		CE0057872CAA45290019DEFF /* BoatView.swift */ = {isa = PBXFileReference; lastKnownFileType = sourcecode.swift; path = BoatView.swift; sourceTree = "<group>"; };
		CE9439CC2CAFE915000E7442 /* LocationManager.swift */ = {isa = PBXFileReference; lastKnownFileType = sourcecode.swift; path = LocationManager.swift; sourceTree = "<group>"; };
		CE9439CE2CAFEDB8000E7442 /* Info.plist */ = {isa = PBXFileReference; lastKnownFileType = text.plist; path = Info.plist; sourceTree = "<group>"; };
		CEEC12A62CA9398C001D22B6 /* SailingIndicator.app */ = {isa = PBXFileReference; explicitFileType = wrapper.application; includeInIndex = 0; path = SailingIndicator.app; sourceTree = BUILT_PRODUCTS_DIR; };
		CEEC12A92CA9398C001D22B6 /* SailingIndicatorApp.swift */ = {isa = PBXFileReference; lastKnownFileType = sourcecode.swift; path = SailingIndicatorApp.swift; sourceTree = "<group>"; };
		CEEC12AB2CA9398C001D22B6 /* ContentView.swift */ = {isa = PBXFileReference; lastKnownFileType = sourcecode.swift; path = ContentView.swift; sourceTree = "<group>"; };
		CEEC12AD2CA9398E001D22B6 /* Assets.xcassets */ = {isa = PBXFileReference; lastKnownFileType = folder.assetcatalog; path = Assets.xcassets; sourceTree = "<group>"; };
		CEEC12AF2CA9398E001D22B6 /* SailingIndicator.entitlements */ = {isa = PBXFileReference; lastKnownFileType = text.plist.entitlements; path = SailingIndicator.entitlements; sourceTree = "<group>"; };
		CEEC12B12CA9398E001D22B6 /* Preview Assets.xcassets */ = {isa = PBXFileReference; lastKnownFileType = folder.assetcatalog; path = "Preview Assets.xcassets"; sourceTree = "<group>"; };
		CEEC12B72CA9398E001D22B6 /* SailingIndicatorTests.xctest */ = {isa = PBXFileReference; explicitFileType = wrapper.cfbundle; includeInIndex = 0; path = SailingIndicatorTests.xctest; sourceTree = BUILT_PRODUCTS_DIR; };
		CEEC12C12CA9398E001D22B6 /* SailingIndicatorUITests.xctest */ = {isa = PBXFileReference; explicitFileType = wrapper.cfbundle; includeInIndex = 0; path = SailingIndicatorUITests.xctest; sourceTree = BUILT_PRODUCTS_DIR; };
		CEEC12D42CA939B7001D22B6 /* CompassView.swift */ = {isa = PBXFileReference; lastKnownFileType = sourcecode.swift; path = CompassView.swift; sourceTree = "<group>"; };
/* End PBXFileReference section */

/* Begin PBXFrameworksBuildPhase section */
		CEEC12A32CA9398C001D22B6 /* Frameworks */ = {
			isa = PBXFrameworksBuildPhase;
			buildActionMask = 2147483647;
			files = (
			);
			runOnlyForDeploymentPostprocessing = 0;
		};
		CEEC12B42CA9398E001D22B6 /* Frameworks */ = {
			isa = PBXFrameworksBuildPhase;
			buildActionMask = 2147483647;
			files = (
			);
			runOnlyForDeploymentPostprocessing = 0;
		};
		CEEC12BE2CA9398E001D22B6 /* Frameworks */ = {
			isa = PBXFrameworksBuildPhase;
			buildActionMask = 2147483647;
			files = (
			);
			runOnlyForDeploymentPostprocessing = 0;
		};
/* End PBXFrameworksBuildPhase section */

/* Begin PBXGroup section */
		CEEC129D2CA9398C001D22B6 = {
			isa = PBXGroup;
			children = (
				CEEC12A82CA9398C001D22B6 /* SailingIndicator */,
				CEEC12A72CA9398C001D22B6 /* Products */,
			);
			sourceTree = "<group>";
		};
		CEEC12A72CA9398C001D22B6 /* Products */ = {
			isa = PBXGroup;
			children = (
				CEEC12A62CA9398C001D22B6 /* SailingIndicator.app */,
				CEEC12B72CA9398E001D22B6 /* SailingIndicatorTests.xctest */,
				CEEC12C12CA9398E001D22B6 /* SailingIndicatorUITests.xctest */,
			);
			name = Products;
			sourceTree = "<group>";
		};
		CEEC12A82CA9398C001D22B6 /* SailingIndicator */ = {
			isa = PBXGroup;
			children = (
				CE9439CE2CAFEDB8000E7442 /* Info.plist */,
				CEEC12A92CA9398C001D22B6 /* SailingIndicatorApp.swift */,
				CEEC12AB2CA9398C001D22B6 /* ContentView.swift */,
				CEEC12D42CA939B7001D22B6 /* CompassView.swift */,
				CE9439CC2CAFE915000E7442 /* LocationManager.swift */,
				CE0057872CAA45290019DEFF /* BoatView.swift */,
				CEEC12AD2CA9398E001D22B6 /* Assets.xcassets */,
				CEEC12AF2CA9398E001D22B6 /* SailingIndicator.entitlements */,
				CEEC12B02CA9398E001D22B6 /* Preview Content */,
			);
			path = SailingIndicator;
			sourceTree = "<group>";
		};
		CEEC12B02CA9398E001D22B6 /* Preview Content */ = {
			isa = PBXGroup;
			children = (
				CEEC12B12CA9398E001D22B6 /* Preview Assets.xcassets */,
			);
			path = "Preview Content";
			sourceTree = "<group>";
		};
/* End PBXGroup section */

/* Begin PBXNativeTarget section */
		CEEC12A52CA9398C001D22B6 /* SailingIndicator */ = {
			isa = PBXNativeTarget;
			buildConfigurationList = CEEC12CB2CA9398E001D22B6 /* Build configuration list for PBXNativeTarget "SailingIndicator" */;
			buildPhases = (
				CEEC12A22CA9398C001D22B6 /* Sources */,
				CEEC12A32CA9398C001D22B6 /* Frameworks */,
				CEEC12A42CA9398C001D22B6 /* Resources */,
			);
			buildRules = (
			);
			dependencies = (
			);
			name = SailingIndicator;
			productName = SailingIndicator;
			productReference = CEEC12A62CA9398C001D22B6 /* SailingIndicator.app */;
			productType = "com.apple.product-type.application";
		};
		CEEC12B62CA9398E001D22B6 /* SailingIndicatorTests */ = {
			isa = PBXNativeTarget;
			buildConfigurationList = CEEC12CE2CA9398E001D22B6 /* Build configuration list for PBXNativeTarget "SailingIndicatorTests" */;
			buildPhases = (
				CEEC12B32CA9398E001D22B6 /* Sources */,
				CEEC12B42CA9398E001D22B6 /* Frameworks */,
				CEEC12B52CA9398E001D22B6 /* Resources */,
			);
			buildRules = (
			);
			dependencies = (
				CEEC12B92CA9398E001D22B6 /* PBXTargetDependency */,
			);
			name = SailingIndicatorTests;
			productName = SailingIndicatorTests;
			productReference = CEEC12B72CA9398E001D22B6 /* SailingIndicatorTests.xctest */;
			productType = "com.apple.product-type.bundle.unit-test";
		};
		CEEC12C02CA9398E001D22B6 /* SailingIndicatorUITests */ = {
			isa = PBXNativeTarget;
			buildConfigurationList = CEEC12D12CA9398E001D22B6 /* Build configuration list for PBXNativeTarget "SailingIndicatorUITests" */;
			buildPhases = (
				CEEC12BD2CA9398E001D22B6 /* Sources */,
				CEEC12BE2CA9398E001D22B6 /* Frameworks */,
				CEEC12BF2CA9398E001D22B6 /* Resources */,
			);
			buildRules = (
			);
			dependencies = (
				CEEC12C32CA9398E001D22B6 /* PBXTargetDependency */,
			);
			name = SailingIndicatorUITests;
			productName = SailingIndicatorUITests;
			productReference = CEEC12C12CA9398E001D22B6 /* SailingIndicatorUITests.xctest */;
			productType = "com.apple.product-type.bundle.ui-testing";
		};
/* End PBXNativeTarget section */

/* Begin PBXProject section */
		CEEC129E2CA9398C001D22B6 /* Project object */ = {
			isa = PBXProject;
			attributes = {
				BuildIndependentTargetsInParallel = 1;
				LastSwiftUpdateCheck = 1540;
				LastUpgradeCheck = 1540;
				TargetAttributes = {
					CEEC12A52CA9398C001D22B6 = {
						CreatedOnToolsVersion = 15.4;
					};
					CEEC12B62CA9398E001D22B6 = {
						CreatedOnToolsVersion = 15.4;
						TestTargetID = CEEC12A52CA9398C001D22B6;
					};
					CEEC12C02CA9398E001D22B6 = {
						CreatedOnToolsVersion = 15.4;
						TestTargetID = CEEC12A52CA9398C001D22B6;
					};
				};
			};
			buildConfigurationList = CEEC12A12CA9398C001D22B6 /* Build configuration list for PBXProject "SailingIndicator" */;
			compatibilityVersion = "Xcode 14.0";
			developmentRegion = en;
			hasScannedForEncodings = 0;
			knownRegions = (
				en,
				Base,
			);
			mainGroup = CEEC129D2CA9398C001D22B6;
			productRefGroup = CEEC12A72CA9398C001D22B6 /* Products */;
			projectDirPath = "";
			projectRoot = "";
			targets = (
				CEEC12A52CA9398C001D22B6 /* SailingIndicator */,
				CEEC12B62CA9398E001D22B6 /* SailingIndicatorTests */,
				CEEC12C02CA9398E001D22B6 /* SailingIndicatorUITests */,
			);
		};
/* End PBXProject section */

/* Begin PBXResourcesBuildPhase section */
		CEEC12A42CA9398C001D22B6 /* Resources */ = {
			isa = PBXResourcesBuildPhase;
			buildActionMask = 2147483647;
			files = (
				CEEC12B22CA9398E001D22B6 /* Preview Assets.xcassets in Resources */,
				CEEC12AE2CA9398E001D22B6 /* Assets.xcassets in Resources */,
			);
			runOnlyForDeploymentPostprocessing = 0;
		};
		CEEC12B52CA9398E001D22B6 /* Resources */ = {
			isa = PBXResourcesBuildPhase;
			buildActionMask = 2147483647;
			files = (
			);
			runOnlyForDeploymentPostprocessing = 0;
		};
		CEEC12BF2CA9398E001D22B6 /* Resources */ = {
			isa = PBXResourcesBuildPhase;
			buildActionMask = 2147483647;
			files = (
			);
			runOnlyForDeploymentPostprocessing = 0;
		};
/* End PBXResourcesBuildPhase section */

/* Begin PBXSourcesBuildPhase section */
		CEEC12A22CA9398C001D22B6 /* Sources */ = {
			isa = PBXSourcesBuildPhase;
			buildActionMask = 2147483647;
			files = (
				CEEC12D52CA939B7001D22B6 /* CompassView.swift in Sources */,
				CE9439CD2CAFE915000E7442 /* LocationManager.swift in Sources */,
				CEEC12AC2CA9398C001D22B6 /* ContentView.swift in Sources */,
				CE0057882CAA45290019DEFF /* BoatView.swift in Sources */,
				CEEC12AA2CA9398C001D22B6 /* SailingIndicatorApp.swift in Sources */,
			);
			runOnlyForDeploymentPostprocessing = 0;
		};
		CEEC12B32CA9398E001D22B6 /* Sources */ = {
			isa = PBXSourcesBuildPhase;
			buildActionMask = 2147483647;
			files = (
			);
			runOnlyForDeploymentPostprocessing = 0;
		};
		CEEC12BD2CA9398E001D22B6 /* Sources */ = {
			isa = PBXSourcesBuildPhase;
			buildActionMask = 2147483647;
			files = (
			);
			runOnlyForDeploymentPostprocessing = 0;
		};
/* End PBXSourcesBuildPhase section */

/* Begin PBXTargetDependency section */
		CEEC12B92CA9398E001D22B6 /* PBXTargetDependency */ = {
			isa = PBXTargetDependency;
			target = CEEC12A52CA9398C001D22B6 /* SailingIndicator */;
			targetProxy = CEEC12B82CA9398E001D22B6 /* PBXContainerItemProxy */;
		};
		CEEC12C32CA9398E001D22B6 /* PBXTargetDependency */ = {
			isa = PBXTargetDependency;
			target = CEEC12A52CA9398C001D22B6 /* SailingIndicator */;
			targetProxy = CEEC12C22CA9398E001D22B6 /* PBXContainerItemProxy */;
		};
/* End PBXTargetDependency section */

/* Begin XCBuildConfiguration section */
		CEEC12C92CA9398E001D22B6 /* Debug */ = {
			isa = XCBuildConfiguration;
			buildSettings = {
				ALWAYS_SEARCH_USER_PATHS = NO;
				ASSETCATALOG_COMPILER_GENERATE_SWIFT_ASSET_SYMBOL_EXTENSIONS = YES;
				CLANG_ANALYZER_NONNULL = YES;
				CLANG_ANALYZER_NUMBER_OBJECT_CONVERSION = YES_AGGRESSIVE;
				CLANG_CXX_LANGUAGE_STANDARD = "gnu++20";
				CLANG_ENABLE_MODULES = YES;
				CLANG_ENABLE_OBJC_ARC = YES;
				CLANG_ENABLE_OBJC_WEAK = YES;
				CLANG_WARN_BLOCK_CAPTURE_AUTORELEASING = YES;
				CLANG_WARN_BOOL_CONVERSION = YES;
				CLANG_WARN_COMMA = YES;
				CLANG_WARN_CONSTANT_CONVERSION = YES;
				CLANG_WARN_DEPRECATED_OBJC_IMPLEMENTATIONS = YES;
				CLANG_WARN_DIRECT_OBJC_ISA_USAGE = YES_ERROR;
				CLANG_WARN_DOCUMENTATION_COMMENTS = YES;
				CLANG_WARN_EMPTY_BODY = YES;
				CLANG_WARN_ENUM_CONVERSION = YES;
				CLANG_WARN_INFINITE_RECURSION = YES;
				CLANG_WARN_INT_CONVERSION = YES;
				CLANG_WARN_NON_LITERAL_NULL_CONVERSION = YES;
				CLANG_WARN_OBJC_IMPLICIT_RETAIN_SELF = YES;
				CLANG_WARN_OBJC_LITERAL_CONVERSION = YES;
				CLANG_WARN_OBJC_ROOT_CLASS = YES_ERROR;
				CLANG_WARN_QUOTED_INCLUDE_IN_FRAMEWORK_HEADER = YES;
				CLANG_WARN_RANGE_LOOP_ANALYSIS = YES;
				CLANG_WARN_STRICT_PROTOTYPES = YES;
				CLANG_WARN_SUSPICIOUS_MOVE = YES;
				CLANG_WARN_UNGUARDED_AVAILABILITY = YES_AGGRESSIVE;
				CLANG_WARN_UNREACHABLE_CODE = YES;
				CLANG_WARN__DUPLICATE_METHOD_MATCH = YES;
				COPY_PHASE_STRIP = NO;
				DEBUG_INFORMATION_FORMAT = dwarf;
				ENABLE_STRICT_OBJC_MSGSEND = YES;
				ENABLE_TESTABILITY = YES;
				ENABLE_USER_SCRIPT_SANDBOXING = YES;
				GCC_C_LANGUAGE_STANDARD = gnu17;
				GCC_DYNAMIC_NO_PIC = NO;
				GCC_NO_COMMON_BLOCKS = YES;
				GCC_OPTIMIZATION_LEVEL = 0;
				GCC_PREPROCESSOR_DEFINITIONS = (
					"DEBUG=1",
					"$(inherited)",
				);
				GCC_WARN_64_TO_32_BIT_CONVERSION = YES;
				GCC_WARN_ABOUT_RETURN_TYPE = YES_ERROR;
				GCC_WARN_UNDECLARED_SELECTOR = YES;
				GCC_WARN_UNINITIALIZED_AUTOS = YES_AGGRESSIVE;
				GCC_WARN_UNUSED_FUNCTION = YES;
				GCC_WARN_UNUSED_VARIABLE = YES;
				LOCALIZATION_PREFERS_STRING_CATALOGS = YES;
				MTL_ENABLE_DEBUG_INFO = INCLUDE_SOURCE;
				MTL_FAST_MATH = YES;
				ONLY_ACTIVE_ARCH = YES;
				SWIFT_ACTIVE_COMPILATION_CONDITIONS = "DEBUG $(inherited)";
				SWIFT_OPTIMIZATION_LEVEL = "-Onone";
			};
			name = Debug;
		};
		CEEC12CA2CA9398E001D22B6 /* Release */ = {
			isa = XCBuildConfiguration;
			buildSettings = {
				ALWAYS_SEARCH_USER_PATHS = NO;
				ASSETCATALOG_COMPILER_GENERATE_SWIFT_ASSET_SYMBOL_EXTENSIONS = YES;
				CLANG_ANALYZER_NONNULL = YES;
				CLANG_ANALYZER_NUMBER_OBJECT_CONVERSION = YES_AGGRESSIVE;
				CLANG_CXX_LANGUAGE_STANDARD = "gnu++20";
				CLANG_ENABLE_MODULES = YES;
				CLANG_ENABLE_OBJC_ARC = YES;
				CLANG_ENABLE_OBJC_WEAK = YES;
				CLANG_WARN_BLOCK_CAPTURE_AUTORELEASING = YES;
				CLANG_WARN_BOOL_CONVERSION = YES;
				CLANG_WARN_COMMA = YES;
				CLANG_WARN_CONSTANT_CONVERSION = YES;
				CLANG_WARN_DEPRECATED_OBJC_IMPLEMENTATIONS = YES;
				CLANG_WARN_DIRECT_OBJC_ISA_USAGE = YES_ERROR;
				CLANG_WARN_DOCUMENTATION_COMMENTS = YES;
				CLANG_WARN_EMPTY_BODY = YES;
				CLANG_WARN_ENUM_CONVERSION = YES;
				CLANG_WARN_INFINITE_RECURSION = YES;
				CLANG_WARN_INT_CONVERSION = YES;
				CLANG_WARN_NON_LITERAL_NULL_CONVERSION = YES;
				CLANG_WARN_OBJC_IMPLICIT_RETAIN_SELF = YES;
				CLANG_WARN_OBJC_LITERAL_CONVERSION = YES;
				CLANG_WARN_OBJC_ROOT_CLASS = YES_ERROR;
				CLANG_WARN_QUOTED_INCLUDE_IN_FRAMEWORK_HEADER = YES;
				CLANG_WARN_RANGE_LOOP_ANALYSIS = YES;
				CLANG_WARN_STRICT_PROTOTYPES = YES;
				CLANG_WARN_SUSPICIOUS_MOVE = YES;
				CLANG_WARN_UNGUARDED_AVAILABILITY = YES_AGGRESSIVE;
				CLANG_WARN_UNREACHABLE_CODE = YES;
				CLANG_WARN__DUPLICATE_METHOD_MATCH = YES;
				COPY_PHASE_STRIP = NO;
				DEBUG_INFORMATION_FORMAT = "dwarf-with-dsym";
				ENABLE_NS_ASSERTIONS = NO;
				ENABLE_STRICT_OBJC_MSGSEND = YES;
				ENABLE_USER_SCRIPT_SANDBOXING = YES;
				GCC_C_LANGUAGE_STANDARD = gnu17;
				GCC_NO_COMMON_BLOCKS = YES;
				GCC_WARN_64_TO_32_BIT_CONVERSION = YES;
				GCC_WARN_ABOUT_RETURN_TYPE = YES_ERROR;
				GCC_WARN_UNDECLARED_SELECTOR = YES;
				GCC_WARN_UNINITIALIZED_AUTOS = YES_AGGRESSIVE;
				GCC_WARN_UNUSED_FUNCTION = YES;
				GCC_WARN_UNUSED_VARIABLE = YES;
				LOCALIZATION_PREFERS_STRING_CATALOGS = YES;
				MTL_ENABLE_DEBUG_INFO = NO;
				MTL_FAST_MATH = YES;
				SWIFT_COMPILATION_MODE = wholemodule;
			};
			name = Release;
		};
		CEEC12CC2CA9398E001D22B6 /* Debug */ = {
			isa = XCBuildConfiguration;
			buildSettings = {
				ASSETCATALOG_COMPILER_APPICON_NAME = AppIcon;
				ASSETCATALOG_COMPILER_GLOBAL_ACCENT_COLOR_NAME = AccentColor;
				CODE_SIGN_ENTITLEMENTS = SailingIndicator/SailingIndicator.entitlements;
				CODE_SIGN_STYLE = Automatic;
				CURRENT_PROJECT_VERSION = 1;
				DEVELOPMENT_ASSET_PATHS = "\"SailingIndicator/Preview Content\"";
				DEVELOPMENT_TEAM = TB9MFLQJ6C;
				ENABLE_HARDENED_RUNTIME = YES;
				ENABLE_PREVIEWS = YES;
				GENERATE_INFOPLIST_FILE = YES;
				INFOPLIST_FILE = SailingIndicator/Info.plist;
				INFOPLIST_KEY_NSLocationAlwaysAndWhenInUseUsageDescription = "We'll use your location info";
				INFOPLIST_KEY_NSLocationAlwaysUsageDescription = "This App requires location info.";
				"INFOPLIST_KEY_UIApplicationSceneManifest_Generation[sdk=iphoneos*]" = YES;
				"INFOPLIST_KEY_UIApplicationSceneManifest_Generation[sdk=iphonesimulator*]" = YES;
				"INFOPLIST_KEY_UIApplicationSupportsIndirectInputEvents[sdk=iphoneos*]" = YES;
				"INFOPLIST_KEY_UIApplicationSupportsIndirectInputEvents[sdk=iphonesimulator*]" = YES;
				"INFOPLIST_KEY_UILaunchScreen_Generation[sdk=iphoneos*]" = YES;
				"INFOPLIST_KEY_UILaunchScreen_Generation[sdk=iphonesimulator*]" = YES;
				"INFOPLIST_KEY_UIStatusBarStyle[sdk=iphoneos*]" = UIStatusBarStyleDefault;
				"INFOPLIST_KEY_UIStatusBarStyle[sdk=iphonesimulator*]" = UIStatusBarStyleDefault;
				INFOPLIST_KEY_UISupportedInterfaceOrientations_iPad = "UIInterfaceOrientationPortrait UIInterfaceOrientationPortraitUpsideDown UIInterfaceOrientationLandscapeLeft UIInterfaceOrientationLandscapeRight";
				INFOPLIST_KEY_UISupportedInterfaceOrientations_iPhone = "UIInterfaceOrientationPortrait UIInterfaceOrientationLandscapeLeft UIInterfaceOrientationLandscapeRight";
				IPHONEOS_DEPLOYMENT_TARGET = 17.5;
				LD_RUNPATH_SEARCH_PATHS = "@executable_path/Frameworks";
				"LD_RUNPATH_SEARCH_PATHS[sdk=macosx*]" = "@executable_path/../Frameworks";
				MACOSX_DEPLOYMENT_TARGET = 14.4;
				MARKETING_VERSION = 1.0;
				PRODUCT_BUNDLE_IDENTIFIER = com.giwoo.andy.SailingIndicator;
				PRODUCT_NAME = "$(TARGET_NAME)";
				SDKROOT = auto;
				SUPPORTED_PLATFORMS = "iphoneos iphonesimulator macosx";
				SWIFT_EMIT_LOC_STRINGS = YES;
				SWIFT_VERSION = 5.0;
				TARGETED_DEVICE_FAMILY = "1,2";
			};
			name = Debug;
		};
		CEEC12CD2CA9398E001D22B6 /* Release */ = {
			isa = XCBuildConfiguration;
			buildSettings = {
				ASSETCATALOG_COMPILER_APPICON_NAME = AppIcon;
				ASSETCATALOG_COMPILER_GLOBAL_ACCENT_COLOR_NAME = AccentColor;
				CODE_SIGN_ENTITLEMENTS = SailingIndicator/SailingIndicator.entitlements;
				CODE_SIGN_STYLE = Automatic;
				CURRENT_PROJECT_VERSION = 1;
				DEVELOPMENT_ASSET_PATHS = "\"SailingIndicator/Preview Content\"";
				DEVELOPMENT_TEAM = TB9MFLQJ6C;
				ENABLE_HARDENED_RUNTIME = YES;
				ENABLE_PREVIEWS = YES;
				GENERATE_INFOPLIST_FILE = YES;
				INFOPLIST_FILE = SailingIndicator/Info.plist;
				INFOPLIST_KEY_NSLocationAlwaysAndWhenInUseUsageDescription = "We'll use your location info";
				INFOPLIST_KEY_NSLocationAlwaysUsageDescription = "This App requires location info.";
				"INFOPLIST_KEY_UIApplicationSceneManifest_Generation[sdk=iphoneos*]" = YES;
				"INFOPLIST_KEY_UIApplicationSceneManifest_Generation[sdk=iphonesimulator*]" = YES;
				"INFOPLIST_KEY_UIApplicationSupportsIndirectInputEvents[sdk=iphoneos*]" = YES;
				"INFOPLIST_KEY_UIApplicationSupportsIndirectInputEvents[sdk=iphonesimulator*]" = YES;
				"INFOPLIST_KEY_UILaunchScreen_Generation[sdk=iphoneos*]" = YES;
				"INFOPLIST_KEY_UILaunchScreen_Generation[sdk=iphonesimulator*]" = YES;
				"INFOPLIST_KEY_UIStatusBarStyle[sdk=iphoneos*]" = UIStatusBarStyleDefault;
				"INFOPLIST_KEY_UIStatusBarStyle[sdk=iphonesimulator*]" = UIStatusBarStyleDefault;
				INFOPLIST_KEY_UISupportedInterfaceOrientations_iPad = "UIInterfaceOrientationPortrait UIInterfaceOrientationPortraitUpsideDown UIInterfaceOrientationLandscapeLeft UIInterfaceOrientationLandscapeRight";
				INFOPLIST_KEY_UISupportedInterfaceOrientations_iPhone = "UIInterfaceOrientationPortrait UIInterfaceOrientationLandscapeLeft UIInterfaceOrientationLandscapeRight";
				IPHONEOS_DEPLOYMENT_TARGET = 17.5;
				LD_RUNPATH_SEARCH_PATHS = "@executable_path/Frameworks";
				"LD_RUNPATH_SEARCH_PATHS[sdk=macosx*]" = "@executable_path/../Frameworks";
				MACOSX_DEPLOYMENT_TARGET = 14.4;
				MARKETING_VERSION = 1.0;
				PRODUCT_BUNDLE_IDENTIFIER = com.giwoo.andy.SailingIndicator;
				PRODUCT_NAME = "$(TARGET_NAME)";
				SDKROOT = auto;
				SUPPORTED_PLATFORMS = "iphoneos iphonesimulator macosx";
				SWIFT_EMIT_LOC_STRINGS = YES;
				SWIFT_VERSION = 5.0;
				TARGETED_DEVICE_FAMILY = "1,2";
			};
			name = Release;
		};
		CEEC12CF2CA9398E001D22B6 /* Debug */ = {
			isa = XCBuildConfiguration;
			buildSettings = {
				ALWAYS_EMBED_SWIFT_STANDARD_LIBRARIES = YES;
				BUNDLE_LOADER = "$(TEST_HOST)";
				CODE_SIGN_STYLE = Automatic;
				CURRENT_PROJECT_VERSION = 1;
				DEVELOPMENT_TEAM = TB9MFLQJ6C;
				GENERATE_INFOPLIST_FILE = YES;
				IPHONEOS_DEPLOYMENT_TARGET = 17.5;
				MACOSX_DEPLOYMENT_TARGET = 14.4;
				MARKETING_VERSION = 1.0;
				PRODUCT_BUNDLE_IDENTIFIER = com.giwoo.andy.SailingIndicatorTests;
				PRODUCT_NAME = "$(TARGET_NAME)";
				SDKROOT = auto;
				SUPPORTED_PLATFORMS = "iphoneos iphonesimulator macosx";
				SWIFT_EMIT_LOC_STRINGS = NO;
				SWIFT_VERSION = 5.0;
				TARGETED_DEVICE_FAMILY = "1,2";
				TEST_HOST = "$(BUILT_PRODUCTS_DIR)/SailingIndicator.app/$(BUNDLE_EXECUTABLE_FOLDER_PATH)/SailingIndicator";
			};
			name = Debug;
		};
		CEEC12D02CA9398E001D22B6 /* Release */ = {
			isa = XCBuildConfiguration;
			buildSettings = {
				ALWAYS_EMBED_SWIFT_STANDARD_LIBRARIES = YES;
				BUNDLE_LOADER = "$(TEST_HOST)";
				CODE_SIGN_STYLE = Automatic;
				CURRENT_PROJECT_VERSION = 1;
				DEVELOPMENT_TEAM = TB9MFLQJ6C;
				GENERATE_INFOPLIST_FILE = YES;
				IPHONEOS_DEPLOYMENT_TARGET = 17.5;
				MACOSX_DEPLOYMENT_TARGET = 14.4;
				MARKETING_VERSION = 1.0;
				PRODUCT_BUNDLE_IDENTIFIER = com.giwoo.andy.SailingIndicatorTests;
				PRODUCT_NAME = "$(TARGET_NAME)";
				SDKROOT = auto;
				SUPPORTED_PLATFORMS = "iphoneos iphonesimulator macosx";
				SWIFT_EMIT_LOC_STRINGS = NO;
				SWIFT_VERSION = 5.0;
				TARGETED_DEVICE_FAMILY = "1,2";
				TEST_HOST = "$(BUILT_PRODUCTS_DIR)/SailingIndicator.app/$(BUNDLE_EXECUTABLE_FOLDER_PATH)/SailingIndicator";
			};
			name = Release;
		};
		CEEC12D22CA9398E001D22B6 /* Debug */ = {
			isa = XCBuildConfiguration;
			buildSettings = {
				ALWAYS_EMBED_SWIFT_STANDARD_LIBRARIES = YES;
				CODE_SIGN_STYLE = Automatic;
				CURRENT_PROJECT_VERSION = 1;
				DEVELOPMENT_TEAM = TB9MFLQJ6C;
				GENERATE_INFOPLIST_FILE = YES;
				IPHONEOS_DEPLOYMENT_TARGET = 17.5;
				MACOSX_DEPLOYMENT_TARGET = 14.4;
				MARKETING_VERSION = 1.0;
				PRODUCT_BUNDLE_IDENTIFIER = com.giwoo.andy.SailingIndicatorUITests;
				PRODUCT_NAME = "$(TARGET_NAME)";
				SDKROOT = auto;
				SUPPORTED_PLATFORMS = "iphoneos iphonesimulator macosx";
				SWIFT_EMIT_LOC_STRINGS = NO;
				SWIFT_VERSION = 5.0;
				TARGETED_DEVICE_FAMILY = "1,2";
				TEST_TARGET_NAME = SailingIndicator;
			};
			name = Debug;
		};
		CEEC12D32CA9398E001D22B6 /* Release */ = {
			isa = XCBuildConfiguration;
			buildSettings = {
				ALWAYS_EMBED_SWIFT_STANDARD_LIBRARIES = YES;
				CODE_SIGN_STYLE = Automatic;
				CURRENT_PROJECT_VERSION = 1;
				DEVELOPMENT_TEAM = TB9MFLQJ6C;
				GENERATE_INFOPLIST_FILE = YES;
				IPHONEOS_DEPLOYMENT_TARGET = 17.5;
				MACOSX_DEPLOYMENT_TARGET = 14.4;
				MARKETING_VERSION = 1.0;
				PRODUCT_BUNDLE_IDENTIFIER = com.giwoo.andy.SailingIndicatorUITests;
				PRODUCT_NAME = "$(TARGET_NAME)";
				SDKROOT = auto;
				SUPPORTED_PLATFORMS = "iphoneos iphonesimulator macosx";
				SWIFT_EMIT_LOC_STRINGS = NO;
				SWIFT_VERSION = 5.0;
				TARGETED_DEVICE_FAMILY = "1,2";
				TEST_TARGET_NAME = SailingIndicator;
			};
			name = Release;
		};
/* End XCBuildConfiguration section */

/* Begin XCConfigurationList section */
		CEEC12A12CA9398C001D22B6 /* Build configuration list for PBXProject "SailingIndicator" */ = {
			isa = XCConfigurationList;
			buildConfigurations = (
				CEEC12C92CA9398E001D22B6 /* Debug */,
				CEEC12CA2CA9398E001D22B6 /* Release */,
			);
			defaultConfigurationIsVisible = 0;
			defaultConfigurationName = Release;
		};
		CEEC12CB2CA9398E001D22B6 /* Build configuration list for PBXNativeTarget "SailingIndicator" */ = {
			isa = XCConfigurationList;
			buildConfigurations = (
				CEEC12CC2CA9398E001D22B6 /* Debug */,
				CEEC12CD2CA9398E001D22B6 /* Release */,
			);
			defaultConfigurationIsVisible = 0;
			defaultConfigurationName = Release;
		};
		CEEC12CE2CA9398E001D22B6 /* Build configuration list for PBXNativeTarget "SailingIndicatorTests" */ = {
			isa = XCConfigurationList;
			buildConfigurations = (
				CEEC12CF2CA9398E001D22B6 /* Debug */,
				CEEC12D02CA9398E001D22B6 /* Release */,
			);
			defaultConfigurationIsVisible = 0;
			defaultConfigurationName = Release;
		};
		CEEC12D12CA9398E001D22B6 /* Build configuration list for PBXNativeTarget "SailingIndicatorUITests" */ = {
			isa = XCConfigurationList;
			buildConfigurations = (
				CEEC12D22CA9398E001D22B6 /* Debug */,
				CEEC12D32CA9398E001D22B6 /* Release */,
			);
			defaultConfigurationIsVisible = 0;
			defaultConfigurationName = Release;
		};
/* End XCConfigurationList section */
	};
	rootObject = CEEC129E2CA9398C001D22B6 /* Project object */;
}
